
Microsoft Visual Studio Solution File, Format Version 12.00
# Visual Studio 14
VisualStudioVersion = 14.0.23107.0
MinimumVisualStudioVersion = 10.0.40219.1
Project("{2150E333-8FDC-42A3-9474-1A3956D46DE8}") = ".paket", ".paket", "{7AC03612-FB5D-4ECD-BA49-4DF76BD9C0D7}"
	ProjectSection(SolutionItems) = preProject
		.paket\paket.bootstrapper.exe = .paket\paket.bootstrapper.exe
		paket.dependencies = paket.dependencies
		paket.lock = paket.lock
		.paket\paket.targets = .paket\paket.targets
		.paket\Readme.paket.md = .paket\Readme.paket.md
	EndProjectSection
EndProject
Project("{FAE04EC0-301F-11D3-BF4B-00C04F79EFBC}") = "Gu.ChangeTracking", "Gu.ChangeTracking\Gu.ChangeTracking.csproj", "{4A48CE03-A71A-42BA-B6D8-E37278451AF6}"
EndProject
Project("{FAE04EC0-301F-11D3-BF4B-00C04F79EFBC}") = "Gu.ChangeTracking.Tests", "Gu.ChangeTracking.Tests\Gu.ChangeTracking.Tests.csproj", "{98F5E378-3860-4DE1-A62C-88C05B351809}"
EndProject
Global
	GlobalSection(SolutionConfigurationPlatforms) = preSolution
		Debug|Any CPU = Debug|Any CPU
		Release|Any CPU = Release|Any CPU
	EndGlobalSection
	GlobalSection(ProjectConfigurationPlatforms) = postSolution
		{4A48CE03-A71A-42BA-B6D8-E37278451AF6}.Debug|Any CPU.ActiveCfg = Debug|Any CPU
		{4A48CE03-A71A-42BA-B6D8-E37278451AF6}.Debug|Any CPU.Build.0 = Debug|Any CPU
		{4A48CE03-A71A-42BA-B6D8-E37278451AF6}.Release|Any CPU.ActiveCfg = Release|Any CPU
		{4A48CE03-A71A-42BA-B6D8-E37278451AF6}.Release|Any CPU.Build.0 = Release|Any CPU
		{98F5E378-3860-4DE1-A62C-88C05B351809}.Debug|Any CPU.ActiveCfg = Debug|Any CPU
		{98F5E378-3860-4DE1-A62C-88C05B351809}.Debug|Any CPU.Build.0 = Debug|Any CPU
		{98F5E378-3860-4DE1-A62C-88C05B351809}.Release|Any CPU.ActiveCfg = Release|Any CPU
		{98F5E378-3860-4DE1-A62C-88C05B351809}.Release|Any CPU.Build.0 = Release|Any CPU
	EndGlobalSection
	GlobalSection(SolutionProperties) = preSolution
		HideSolutionNode = FALSE
	EndGlobalSection
EndGlobal
