
Microsoft Visual Studio Solution File, Format Version 12.00
# Visual Studio Version 16
VisualStudioVersion = 16.0.29728.190
MinimumVisualStudioVersion = 10.0.40219.1
Project("{2150E333-8FDC-42A3-9474-1A3956D46DE8}") = ".sln", ".sln", "{7AC03612-FB5D-4ECD-BA49-4DF76BD9C0D7}"
	ProjectSection(SolutionItems) = preProject
		.editorconfig = .editorconfig
		.gitignore = .gitignore
		appveyor.yml = appveyor.yml
		azure-pipelines.yml = azure-pipelines.yml
		.github\dependabot.yml = .github\dependabot.yml
		Gu.State.sln.DotSettings = Gu.State.sln.DotSettings
	EndProjectSection
EndProject
Project("{9A19103F-16F7-4668-BE54-9A1E7A4F7556}") = "Gu.State", "Gu.State\Gu.State.csproj", "{4A48CE03-A71A-42BA-B6D8-E37278451AF6}"
EndProject
Project("{9A19103F-16F7-4668-BE54-9A1E7A4F7556}") = "Gu.State.Tests", "Gu.State.Tests\Gu.State.Tests.csproj", "{98F5E378-3860-4DE1-A62C-88C05B351809}"
EndProject
Project("{2150E333-8FDC-42A3-9474-1A3956D46DE8}") = ".docs", ".docs", "{2ADA02F1-C4A8-4EA7-9BD8-5350DD9EAA55}"
	ProjectSection(SolutionItems) = preProject
		README.md = README.md
		RELEASE_NOTES.md = RELEASE_NOTES.md
	EndProjectSection
EndProject
Project("{9A19103F-16F7-4668-BE54-9A1E7A4F7556}") = "Gu.State.Benchmarks", "Gu.State.Benchmarks\Gu.State.Benchmarks.csproj", "{DC912B58-CD7A-4BD9-A387-FD67AFD28097}"
EndProject
Global
	GlobalSection(SolutionConfigurationPlatforms) = preSolution
		Debug|Any CPU = Debug|Any CPU
		Release|Any CPU = Release|Any CPU
	EndGlobalSection
	GlobalSection(ProjectConfigurationPlatforms) = postSolution
		{4A48CE03-A71A-42BA-B6D8-E37278451AF6}.Debug|Any CPU.ActiveCfg = Debug|Any CPU
		{4A48CE03-A71A-42BA-B6D8-E37278451AF6}.Debug|Any CPU.Build.0 = Debug|Any CPU
		{4A48CE03-A71A-42BA-B6D8-E37278451AF6}.Release|Any CPU.ActiveCfg = Release|Any CPU
		{4A48CE03-A71A-42BA-B6D8-E37278451AF6}.Release|Any CPU.Build.0 = Release|Any CPU
		{98F5E378-3860-4DE1-A62C-88C05B351809}.Debug|Any CPU.ActiveCfg = Debug|Any CPU
		{98F5E378-3860-4DE1-A62C-88C05B351809}.Debug|Any CPU.Build.0 = Debug|Any CPU
		{98F5E378-3860-4DE1-A62C-88C05B351809}.Release|Any CPU.ActiveCfg = Release|Any CPU
		{98F5E378-3860-4DE1-A62C-88C05B351809}.Release|Any CPU.Build.0 = Release|Any CPU
		{DC912B58-CD7A-4BD9-A387-FD67AFD28097}.Debug|Any CPU.ActiveCfg = Debug|Any CPU
		{DC912B58-CD7A-4BD9-A387-FD67AFD28097}.Debug|Any CPU.Build.0 = Debug|Any CPU
		{DC912B58-CD7A-4BD9-A387-FD67AFD28097}.Release|Any CPU.ActiveCfg = Release|Any CPU
		{DC912B58-CD7A-4BD9-A387-FD67AFD28097}.Release|Any CPU.Build.0 = Release|Any CPU
	EndGlobalSection
	GlobalSection(SolutionProperties) = preSolution
		HideSolutionNode = FALSE
	EndGlobalSection
	GlobalSection(ExtensibilityGlobals) = postSolution
		SolutionGuid = {065D0D34-0485-4ED3-8679-A5E35DFCBBA8}
	EndGlobalSection
EndGlobal
